
Microsoft Visual Studio Solution File, Format Version 12.00
Project("{FAE04EC0-301F-11D3-BF4B-00C04F79EFBC}") = "API", "API\API.csproj", "{71F24E86-F17D-4AE5-BF03-99D747AB5EB7}"
EndProject
Project("{FAE04EC0-301F-11D3-BF4B-00C04F79EFBC}") = "Context", "Context\Context.csproj", "{63707974-8F0E-4295-A191-ECFFC1C77553}"
EndProject
Global
	GlobalSection(SolutionConfigurationPlatforms) = preSolution
		Debug|Any CPU = Debug|Any CPU
		Release|Any CPU = Release|Any CPU
	EndGlobalSection
	GlobalSection(ProjectConfigurationPlatforms) = postSolution
		{71F24E86-F17D-4AE5-BF03-99D747AB5EB7}.Debug|Any CPU.ActiveCfg = Debug|Any CPU
		{71F24E86-F17D-4AE5-BF03-99D747AB5EB7}.Debug|Any CPU.Build.0 = Debug|Any CPU
		{71F24E86-F17D-4AE5-BF03-99D747AB5EB7}.Release|Any CPU.ActiveCfg = Release|Any CPU
		{71F24E86-F17D-4AE5-BF03-99D747AB5EB7}.Release|Any CPU.Build.0 = Release|Any CPU
		{63707974-8F0E-4295-A191-ECFFC1C77553}.Debug|Any CPU.ActiveCfg = Debug|Any CPU
		{63707974-8F0E-4295-A191-ECFFC1C77553}.Debug|Any CPU.Build.0 = Debug|Any CPU
		{63707974-8F0E-4295-A191-ECFFC1C77553}.Release|Any CPU.ActiveCfg = Release|Any CPU
		{63707974-8F0E-4295-A191-ECFFC1C77553}.Release|Any CPU.Build.0 = Release|Any CPU
	EndGlobalSection
EndGlobal
